// !$*UTF8*$!
{
	archiveVersion = 1;
	classes = {
	};
	objectVersion = 50;
	objects = {

/* Begin PBXBuildFile section */
		65642BEC2704D43700CA415D /* AppDelegate.swift in Sources */ = {isa = PBXBuildFile; fileRef = 65642BEB2704D43700CA415D /* AppDelegate.swift */; };
		65642BEE2704D43700CA415D /* SceneDelegate.swift in Sources */ = {isa = PBXBuildFile; fileRef = 65642BED2704D43700CA415D /* SceneDelegate.swift */; };
		65642BF02704D43700CA415D /* ViewController.swift in Sources */ = {isa = PBXBuildFile; fileRef = 65642BEF2704D43700CA415D /* ViewController.swift */; };
		65642BF32704D43700CA415D /* Main.storyboard in Resources */ = {isa = PBXBuildFile; fileRef = 65642BF12704D43700CA415D /* Main.storyboard */; };
		65642BF52704D43A00CA415D /* Assets.xcassets in Resources */ = {isa = PBXBuildFile; fileRef = 65642BF42704D43A00CA415D /* Assets.xcassets */; };
		65642BF82704D43A00CA415D /* LaunchScreen.storyboard in Resources */ = {isa = PBXBuildFile; fileRef = 65642BF62704D43A00CA415D /* LaunchScreen.storyboard */; };
		65642C052704D54100CA415D /* GradientView.swift in Sources */ = {isa = PBXBuildFile; fileRef = 65642C042704D54100CA415D /* GradientView.swift */; };
/* End PBXBuildFile section */

/* Begin PBXFileReference section */
		65642BE82704D43700CA415D /* GrumpyApp.app */ = {isa = PBXFileReference; explicitFileType = wrapper.application; includeInIndex = 0; path = GrumpyApp.app; sourceTree = BUILT_PRODUCTS_DIR; };
		65642BEB2704D43700CA415D /* AppDelegate.swift */ = {isa = PBXFileReference; lastKnownFileType = sourcecode.swift; path = AppDelegate.swift; sourceTree = "<group>"; };
		65642BED2704D43700CA415D /* SceneDelegate.swift */ = {isa = PBXFileReference; lastKnownFileType = sourcecode.swift; path = SceneDelegate.swift; sourceTree = "<group>"; };
		65642BEF2704D43700CA415D /* ViewController.swift */ = {isa = PBXFileReference; lastKnownFileType = sourcecode.swift; path = ViewController.swift; sourceTree = "<group>"; };
		65642BF22704D43700CA415D /* Base */ = {isa = PBXFileReference; lastKnownFileType = file.storyboard; name = Base; path = Base.lproj/Main.storyboard; sourceTree = "<group>"; };
		65642BF42704D43A00CA415D /* Assets.xcassets */ = {isa = PBXFileReference; lastKnownFileType = folder.assetcatalog; path = Assets.xcassets; sourceTree = "<group>"; };
		65642BF72704D43A00CA415D /* Base */ = {isa = PBXFileReference; lastKnownFileType = file.storyboard; name = Base; path = Base.lproj/LaunchScreen.storyboard; sourceTree = "<group>"; };
		65642BF92704D43A00CA415D /* Info.plist */ = {isa = PBXFileReference; lastKnownFileType = text.plist.xml; path = Info.plist; sourceTree = "<group>"; };
		65642C042704D54100CA415D /* GradientView.swift */ = {isa = PBXFileReference; lastKnownFileType = sourcecode.swift; path = GradientView.swift; sourceTree = "<group>"; };
/* End PBXFileReference section */

/* Begin PBXFrameworksBuildPhase section */
		65642BE52704D43700CA415D /* Frameworks */ = {
			isa = PBXFrameworksBuildPhase;
			buildActionMask = 2147483647;
			files = (
			);
			runOnlyForDeploymentPostprocessing = 0;
		};
/* End PBXFrameworksBuildPhase section */

/* Begin PBXGroup section */
		65642BDF2704D43700CA415D = {
			isa = PBXGroup;
			children = (
				65642BEA2704D43700CA415D /* GrumpyApp */,
				65642BE92704D43700CA415D /* Products */,
			);
			sourceTree = "<group>";
		};
		65642BE92704D43700CA415D /* Products */ = {
			isa = PBXGroup;
			children = (
				65642BE82704D43700CA415D /* GrumpyApp.app */,
			);
			name = Products;
			sourceTree = "<group>";
		};
		65642BEA2704D43700CA415D /* GrumpyApp */ = {
			isa = PBXGroup;
			children = (
				65642BEB2704D43700CA415D /* AppDelegate.swift */,
				65642BED2704D43700CA415D /* SceneDelegate.swift */,
				65642BEF2704D43700CA415D /* ViewController.swift */,
				65642C042704D54100CA415D /* GradientView.swift */,
				65642BF12704D43700CA415D /* Main.storyboard */,
				65642BF42704D43A00CA415D /* Assets.xcassets */,
				65642BF62704D43A00CA415D /* LaunchScreen.storyboard */,
				65642BF92704D43A00CA415D /* Info.plist */,
			);
			path = GrumpyApp;
			sourceTree = "<group>";
		};
/* End PBXGroup section */

/* Begin PBXNativeTarget section */
		65642BE72704D43700CA415D /* GrumpyApp */ = {
			isa = PBXNativeTarget;
			buildConfigurationList = 65642BFC2704D43A00CA415D /* Build configuration list for PBXNativeTarget "GrumpyApp" */;
			buildPhases = (
				65642BE42704D43700CA415D /* Sources */,
				65642BE52704D43700CA415D /* Frameworks */,
				65642BE62704D43700CA415D /* Resources */,
			);
			buildRules = (
			);
			dependencies = (
			);
			name = GrumpyApp;
			productName = GrumpyApp;
			productReference = 65642BE82704D43700CA415D /* GrumpyApp.app */;
			productType = "com.apple.product-type.application";
		};
/* End PBXNativeTarget section */

/* Begin PBXProject section */
		65642BE02704D43700CA415D /* Project object */ = {
			isa = PBXProject;
			attributes = {
				LastSwiftUpdateCheck = 1240;
				LastUpgradeCheck = 1240;
				TargetAttributes = {
					65642BE72704D43700CA415D = {
						CreatedOnToolsVersion = 12.4;
					};
				};
			};
			buildConfigurationList = 65642BE32704D43700CA415D /* Build configuration list for PBXProject "GrumpyApp" */;
			compatibilityVersion = "Xcode 9.3";
			developmentRegion = en;
			hasScannedForEncodings = 0;
			knownRegions = (
				en,
				Base,
			);
			mainGroup = 65642BDF2704D43700CA415D;
			productRefGroup = 65642BE92704D43700CA415D /* Products */;
			projectDirPath = "";
			projectRoot = "";
			targets = (
				65642BE72704D43700CA415D /* GrumpyApp */,
			);
		};
/* End PBXProject section */

/* Begin PBXResourcesBuildPhase section */
		65642BE62704D43700CA415D /* Resources */ = {
			isa = PBXResourcesBuildPhase;
			buildActionMask = 2147483647;
			files = (
				65642BF82704D43A00CA415D /* LaunchScreen.storyboard in Resources */,
				65642BF52704D43A00CA415D /* Assets.xcassets in Resources */,
				65642BF32704D43700CA415D /* Main.storyboard in Resources */,
			);
			runOnlyForDeploymentPostprocessing = 0;
		};
/* End PBXResourcesBuildPhase section */

/* Begin PBXSourcesBuildPhase section */
		65642BE42704D43700CA415D /* Sources */ = {
			isa = PBXSourcesBuildPhase;
			buildActionMask = 2147483647;
			files = (
				65642BF02704D43700CA415D /* ViewController.swift in Sources */,
				65642BEC2704D43700CA415D /* AppDelegate.swift in Sources */,
				65642C052704D54100CA415D /* GradientView.swift in Sources */,
				65642BEE2704D43700CA415D /* SceneDelegate.swift in Sources */,
			);
			runOnlyForDeploymentPostprocessing = 0;
		};
/* End PBXSourcesBuildPhase section */

/* Begin PBXVariantGroup section */
		65642BF12704D43700CA415D /* Main.storyboard */ = {
			isa = PBXVariantGroup;
			children = (
				65642BF22704D43700CA415D /* Base */,
			);
			name = Main.storyboard;
			sourceTree = "<group>";
		};
		65642BF62704D43A00CA415D /* LaunchScreen.storyboard */ = {
			isa = PBXVariantGroup;
			children = (
				65642BF72704D43A00CA415D /* Base */,
			);
			name = LaunchScreen.storyboard;
			sourceTree = "<group>";
		};
/* End PBXVariantGroup section */

/* Begin XCBuildConfiguration section */
		65642BFA2704D43A00CA415D /* Debug */ = {
			isa = XCBuildConfiguration;
			buildSettings = {
				ALWAYS_SEARCH_USER_PATHS = NO;
				CLANG_ANALYZER_NONNULL = YES;
				CLANG_ANALYZER_NUMBER_OBJECT_CONVERSION = YES_AGGRESSIVE;
				CLANG_CXX_LANGUAGE_STANDARD = "gnu++14";
				CLANG_CXX_LIBRARY = "libc++";
				CLANG_ENABLE_MODULES = YES;
				CLANG_ENABLE_OBJC_ARC = YES;
				CLANG_ENABLE_OBJC_WEAK = YES;
				CLANG_WARN_BLOCK_CAPTURE_AUTORELEASING = YES;
				CLANG_WARN_BOOL_CONVERSION = YES;
				CLANG_WARN_COMMA = YES;
				CLANG_WARN_CONSTANT_CONVERSION = YES;
				CLANG_WARN_DEPRECATED_OBJC_IMPLEMENTATIONS = YES;
				CLANG_WARN_DIRECT_OBJC_ISA_USAGE = YES_ERROR;
				CLANG_WARN_DOCUMENTATION_COMMENTS = YES;
				CLANG_WARN_EMPTY_BODY = YES;
				CLANG_WARN_ENUM_CONVERSION = YES;
				CLANG_WARN_INFINITE_RECURSION = YES;
				CLANG_WARN_INT_CONVERSION = YES;
				CLANG_WARN_NON_LITERAL_NULL_CONVERSION = YES;
				CLANG_WARN_OBJC_IMPLICIT_RETAIN_SELF = YES;
				CLANG_WARN_OBJC_LITERAL_CONVERSION = YES;
				CLANG_WARN_OBJC_ROOT_CLASS = YES_ERROR;
				CLANG_WARN_QUOTED_INCLUDE_IN_FRAMEWORK_HEADER = YES;
				CLANG_WARN_RANGE_LOOP_ANALYSIS = YES;
				CLANG_WARN_STRICT_PROTOTYPES = YES;
				CLANG_WARN_SUSPICIOUS_MOVE = YES;
				CLANG_WARN_UNGUARDED_AVAILABILITY = YES_AGGRESSIVE;
				CLANG_WARN_UNREACHABLE_CODE = YES;
				CLANG_WARN__DUPLICATE_METHOD_MATCH = YES;
				COPY_PHASE_STRIP = NO;
				DEBUG_INFORMATION_FORMAT = dwarf;
				ENABLE_STRICT_OBJC_MSGSEND = YES;
				ENABLE_TESTABILITY = YES;
				GCC_C_LANGUAGE_STANDARD = gnu11;
				GCC_DYNAMIC_NO_PIC = NO;
				GCC_NO_COMMON_BLOCKS = YES;
				GCC_OPTIMIZATION_LEVEL = 0;
				GCC_PREPROCESSOR_DEFINITIONS = (
					"DEBUG=1",
					"$(inherited)",
				);
				GCC_WARN_64_TO_32_BIT_CONVERSION = YES;
				GCC_WARN_ABOUT_RETURN_TYPE = YES_ERROR;
				GCC_WARN_UNDECLARED_SELECTOR = YES;
				GCC_WARN_UNINITIALIZED_AUTOS = YES_AGGRESSIVE;
				GCC_WARN_UNUSED_FUNCTION = YES;
				GCC_WARN_UNUSED_VARIABLE = YES;
				IPHONEOS_DEPLOYMENT_TARGET = 14.4;
				MTL_ENABLE_DEBUG_INFO = INCLUDE_SOURCE;
				MTL_FAST_MATH = YES;
				ONLY_ACTIVE_ARCH = YES;
				SDKROOT = iphoneos;
				SWIFT_ACTIVE_COMPILATION_CONDITIONS = DEBUG;
				SWIFT_OPTIMIZATION_LEVEL = "-Onone";
			};
			name = Debug;
		};
		65642BFB2704D43A00CA415D /* Release */ = {
			isa = XCBuildConfiguration;
			buildSettings = {
				ALWAYS_SEARCH_USER_PATHS = NO;
				CLANG_ANALYZER_NONNULL = YES;
				CLANG_ANALYZER_NUMBER_OBJECT_CONVERSION = YES_AGGRESSIVE;
				CLANG_CXX_LANGUAGE_STANDARD = "gnu++14";
				CLANG_CXX_LIBRARY = "libc++";
				CLANG_ENABLE_MODULES = YES;
				CLANG_ENABLE_OBJC_ARC = YES;
				CLANG_ENABLE_OBJC_WEAK = YES;
				CLANG_WARN_BLOCK_CAPTURE_AUTORELEASING = YES;
				CLANG_WARN_BOOL_CONVERSION = YES;
				CLANG_WARN_COMMA = YES;
				CLANG_WARN_CONSTANT_CONVERSION = YES;
				CLANG_WARN_DEPRECATED_OBJC_IMPLEMENTATIONS = YES;
				CLANG_WARN_DIRECT_OBJC_ISA_USAGE = YES_ERROR;
				CLANG_WARN_DOCUMENTATION_COMMENTS = YES;
				CLANG_WARN_EMPTY_BODY = YES;
				CLANG_WARN_ENUM_CONVERSION = YES;
				CLANG_WARN_INFINITE_RECURSION = YES;
				CLANG_WARN_INT_CONVERSION = YES;
				CLANG_WARN_NON_LITERAL_NULL_CONVERSION = YES;
				CLANG_WARN_OBJC_IMPLICIT_RETAIN_SELF = YES;
				CLANG_WARN_OBJC_LITERAL_CONVERSION = YES;
				CLANG_WARN_OBJC_ROOT_CLASS = YES_ERROR;
				CLANG_WARN_QUOTED_INCLUDE_IN_FRAMEWORK_HEADER = YES;
				CLANG_WARN_RANGE_LOOP_ANALYSIS = YES;
				CLANG_WARN_STRICT_PROTOTYPES = YES;
				CLANG_WARN_SUSPICIOUS_MOVE = YES;
				CLANG_WARN_UNGUARDED_AVAILABILITY = YES_AGGRESSIVE;
				CLANG_WARN_UNREACHABLE_CODE = YES;
				CLANG_WARN__DUPLICATE_METHOD_MATCH = YES;
				COPY_PHASE_STRIP = NO;
				DEBUG_INFORMATION_FORMAT = "dwarf-with-dsym";
				ENABLE_NS_ASSERTIONS = NO;
				ENABLE_STRICT_OBJC_MSGSEND = YES;
				GCC_C_LANGUAGE_STANDARD = gnu11;
				GCC_NO_COMMON_BLOCKS = YES;
				GCC_WARN_64_TO_32_BIT_CONVERSION = YES;
				GCC_WARN_ABOUT_RETURN_TYPE = YES_ERROR;
				GCC_WARN_UNDECLARED_SELECTOR = YES;
				GCC_WARN_UNINITIALIZED_AUTOS = YES_AGGRESSIVE;
				GCC_WARN_UNUSED_FUNCTION = YES;
				GCC_WARN_UNUSED_VARIABLE = YES;
				IPHONEOS_DEPLOYMENT_TARGET = 14.4;
				MTL_ENABLE_DEBUG_INFO = NO;
				MTL_FAST_MATH = YES;
				SDKROOT = iphoneos;
				SWIFT_COMPILATION_MODE = wholemodule;
				SWIFT_OPTIMIZATION_LEVEL = "-O";
				VALIDATE_PRODUCT = YES;
			};
			name = Release;
		};
		65642BFD2704D43A00CA415D /* Debug */ = {
			isa = XCBuildConfiguration;
			buildSettings = {
				ASSETCATALOG_COMPILER_APPICON_NAME = AppIcon;
				ASSETCATALOG_COMPILER_GLOBAL_ACCENT_COLOR_NAME = AccentColor;
				CODE_SIGN_STYLE = Automatic;
				INFOPLIST_FILE = GrumpyApp/Info.plist;
				LD_RUNPATH_SEARCH_PATHS = (
					"$(inherited)",
					"@executable_path/Frameworks",
				);
				PRODUCT_BUNDLE_IDENTIFIER = "Pedro-M-Moreno.GrumpyApp";
				PRODUCT_NAME = "$(TARGET_NAME)";
				SWIFT_VERSION = 5.0;
				TARGETED_DEVICE_FAMILY = "1,2";
			};
			name = Debug;
		};
		65642BFE2704D43A00CA415D /* Release */ = {
			isa = XCBuildConfiguration;
			buildSettings = {
				ASSETCATALOG_COMPILER_APPICON_NAME = AppIcon;
				ASSETCATALOG_COMPILER_GLOBAL_ACCENT_COLOR_NAME = AccentColor;
				CODE_SIGN_STYLE = Automatic;
				INFOPLIST_FILE = GrumpyApp/Info.plist;
				LD_RUNPATH_SEARCH_PATHS = (
					"$(inherited)",
					"@executable_path/Frameworks",
				);
				PRODUCT_BUNDLE_IDENTIFIER = "Pedro-M-Moreno.GrumpyApp";
				PRODUCT_NAME = "$(TARGET_NAME)";
				SWIFT_VERSION = 5.0;
				TARGETED_DEVICE_FAMILY = "1,2";
			};
			name = Release;
		};
/* End XCBuildConfiguration section */

/* Begin XCConfigurationList section */
		65642BE32704D43700CA415D /* Build configuration list for PBXProject "GrumpyApp" */ = {
			isa = XCConfigurationList;
			buildConfigurations = (
				65642BFA2704D43A00CA415D /* Debug */,
				65642BFB2704D43A00CA415D /* Release */,
			);
			defaultConfigurationIsVisible = 0;
			defaultConfigurationName = Release;
		};
		65642BFC2704D43A00CA415D /* Build configuration list for PBXNativeTarget "GrumpyApp" */ = {
			isa = XCConfigurationList;
			buildConfigurations = (
				65642BFD2704D43A00CA415D /* Debug */,
				65642BFE2704D43A00CA415D /* Release */,
			);
			defaultConfigurationIsVisible = 0;
			defaultConfigurationName = Release;
		};
/* End XCConfigurationList section */
	};
	rootObject = 65642BE02704D43700CA415D /* Project object */;
}
